
Microsoft Visual Studio Solution File, Format Version 12.00
# Visual Studio Version 16
VisualStudioVersion = 16.0.29609.76
MinimumVisualStudioVersion = 10.0.40219.1
Project("{2150E333-8FDC-42A3-9474-1A3956D46DE8}") = "002-User", "002-User", "{E449FFF3-7882-48D9-96D9-6CC5ADCA3688}"
EndProject
Project("{2150E333-8FDC-42A3-9474-1A3956D46DE8}") = "001-Authentication", "001-Authentication", "{11AC0632-FC07-412D-B51C-64758A9C0928}"
EndProject
Project("{2150E333-8FDC-42A3-9474-1A3956D46DE8}") = "003-Transaction", "003-Transaction", "{D6E590C9-0AB8-4A51-AE40-66B6BAF7A77D}"
EndProject
Project("{2150E333-8FDC-42A3-9474-1A3956D46DE8}") = "004-Investiments", "004-Investiments", "{4D17B94A-B0BE-40DD-82C8-D4FA27B9ED3E}"
EndProject
Project("{9A19103F-16F7-4668-BE54-9A1E7A4F7556}") = "MS-Auth.Domain", "001-Authentication\MS-Auth.Domain\MS-Auth.Domain.csproj", "{F0BB4C31-0439-4B39-9437-3EF10ECD3CC3}"
EndProject
Project("{9A19103F-16F7-4668-BE54-9A1E7A4F7556}") = "MS-Auth.Application", "001-Authentication\MS-Auth.Application\MS-Auth.Application.csproj", "{31340B85-B1DA-458B-9701-9B5FAAD1CA1B}"
EndProject
Project("{9A19103F-16F7-4668-BE54-9A1E7A4F7556}") = "MS-Auth.Infra.Data", "001-Authentication\MS-Auth.Infra.Data\MS-Auth.Infra.Data.csproj", "{3D99F31D-AA16-4A7B-B852-F275B9A346F7}"
EndProject
Project("{9A19103F-16F7-4668-BE54-9A1E7A4F7556}") = "MS-Auth.Infrastructure.IoC", "001-Authentication\MS-Auth.Infrastructure.IoC\MS-Auth.Infrastructure.IoC.csproj", "{F90D882A-5E9E-4A74-82C3-2C36A98F5437}"
EndProject
Project("{9A19103F-16F7-4668-BE54-9A1E7A4F7556}") = "MS-Auth.WebApi", "001-Authentication\MS-Auth.WebApi\MS-Auth.WebApi.csproj", "{58A4712B-6380-47D8-9DD8-12BFBACE4B7B}"
EndProject
Project("{2150E333-8FDC-42A3-9474-1A3956D46DE8}") = "Shared", "Shared", "{3131EC46-FF03-4B63-BA7D-1E69EE4B8D95}"
EndProject
Project("{9A19103F-16F7-4668-BE54-9A1E7A4F7556}") = "SharedLibrary", "SharedLibrary\SharedLibrary\SharedLibrary.csproj", "{D98FFE0B-E285-4879-8B4B-647AEFC48017}"
EndProject
Project("{9A19103F-16F7-4668-BE54-9A1E7A4F7556}") = "MS-User.Application", "002-User\MS-User.Application\MS-User.Application.csproj", "{EF0543B5-DE67-4B54-A3ED-69E4B83F96C1}"
EndProject
Project("{9A19103F-16F7-4668-BE54-9A1E7A4F7556}") = "MS-User.Domain", "002-User\MS-User.Domain\MS-User.Domain.csproj", "{6400FACC-B541-4E78-BFF1-B73617CCC268}"
EndProject
Project("{9A19103F-16F7-4668-BE54-9A1E7A4F7556}") = "MS-User.Infra.Data", "002-User\MS-User.Infra.Data\MS-User.Infra.Data.csproj", "{FDF0FD5A-95E8-49C3-BBEB-439FFF3ECE0C}"
EndProject
Project("{9A19103F-16F7-4668-BE54-9A1E7A4F7556}") = "MS-User.Infrastructure.IoC", "002-User\MS-User.Infrastructure.IoC\MS-User.Infrastructure.IoC.csproj", "{BB00F0F5-1971-4A84-AC82-98328FD245DB}"
EndProject
Project("{9A19103F-16F7-4668-BE54-9A1E7A4F7556}") = "MS-User.WebApi", "002-User\MS-User.WebApi\MS-User.WebApi.csproj", "{B61D8161-F43C-40F0-82E0-2C40A21F8751}"
EndProject
Project("{9A19103F-16F7-4668-BE54-9A1E7A4F7556}") = "MS-Transaction.Application", "003-Transaction\MS-Transaction.Application\MS-Transaction.Application.csproj", "{4C87250F-D089-4AF8-ABD1-0AC38D924C93}"
EndProject
Project("{9A19103F-16F7-4668-BE54-9A1E7A4F7556}") = "MS-Transaction.Domain", "003-Transaction\MS-Transaction.Domain\MS-Transaction.Domain.csproj", "{509E1A18-4074-492E-9243-6DCC5CC5FD71}"
EndProject
Project("{9A19103F-16F7-4668-BE54-9A1E7A4F7556}") = "MS-Transaction.Infra.Data", "003-Transaction\MS-Transaction.Infra.Data\MS-Transaction.Infra.Data.csproj", "{532F8FED-D565-4B85-A138-5691898C9B8E}"
EndProject
Project("{9A19103F-16F7-4668-BE54-9A1E7A4F7556}") = "MS-Transaction.Infrastructure.IoC", "003-Transaction\MS-Transaction.Infrastructure.IoC\MS-Transaction.Infrastructure.IoC.csproj", "{4C448423-202E-46DB-BA4B-8CB19CD5767E}"
EndProject
Project("{9A19103F-16F7-4668-BE54-9A1E7A4F7556}") = "MS-Transaction.WebApi", "003-Transaction\MS-Transaction.WebApi\MS-Transaction.WebApi.csproj", "{06C4203A-B4C1-4931-9881-6ED2BF373C01}"
EndProject
Project("{9A19103F-16F7-4668-BE54-9A1E7A4F7556}") = "MS-Investiments.Application", "004-Investiments\MS-Investiments.Application\MS-Investiments.Application.csproj", "{BAE6763B-CF2C-4491-9DD7-5780B5F2A74D}"
EndProject
Project("{9A19103F-16F7-4668-BE54-9A1E7A4F7556}") = "MS-Investiments.Domain", "004-Investiments\MS-Investiments.Domain\MS-Investiments.Domain.csproj", "{3A537085-7EDB-4769-B2FD-89EA4662AE79}"
EndProject
Project("{9A19103F-16F7-4668-BE54-9A1E7A4F7556}") = "MS-Investiments.Infra.Data", "004-Investiments\MS-Investiments.Infra.Data\MS-Investiments.Infra.Data.csproj", "{D5B0A2FE-E285-408C-AF5C-B3A0CDFDFAEF}"
EndProject
Project("{9A19103F-16F7-4668-BE54-9A1E7A4F7556}") = "MS-Investiments.Infrastructure.IoC", "004-Investiments\MS-Investiments.Infrastructure.IoC\MS-Investiments.Infrastructure.IoC.csproj", "{93BC21BD-8571-46ED-92B5-DD0C328EB64F}"
EndProject
Project("{9A19103F-16F7-4668-BE54-9A1E7A4F7556}") = "MS-Investiments.WebApi", "004-Investiments\MS-Investiments.WebApi\MS-Investiments.WebApi.csproj", "{E39E323E-2EED-453D-AE20-611E449387F9}"
EndProject
Global
	GlobalSection(SolutionConfigurationPlatforms) = preSolution
		Debug|Any CPU = Debug|Any CPU
		Release|Any CPU = Release|Any CPU
	EndGlobalSection
	GlobalSection(ProjectConfigurationPlatforms) = postSolution
		{F0BB4C31-0439-4B39-9437-3EF10ECD3CC3}.Debug|Any CPU.ActiveCfg = Debug|Any CPU
		{F0BB4C31-0439-4B39-9437-3EF10ECD3CC3}.Debug|Any CPU.Build.0 = Debug|Any CPU
		{F0BB4C31-0439-4B39-9437-3EF10ECD3CC3}.Release|Any CPU.ActiveCfg = Release|Any CPU
		{F0BB4C31-0439-4B39-9437-3EF10ECD3CC3}.Release|Any CPU.Build.0 = Release|Any CPU
		{31340B85-B1DA-458B-9701-9B5FAAD1CA1B}.Debug|Any CPU.ActiveCfg = Debug|Any CPU
		{31340B85-B1DA-458B-9701-9B5FAAD1CA1B}.Debug|Any CPU.Build.0 = Debug|Any CPU
		{31340B85-B1DA-458B-9701-9B5FAAD1CA1B}.Release|Any CPU.ActiveCfg = Release|Any CPU
		{31340B85-B1DA-458B-9701-9B5FAAD1CA1B}.Release|Any CPU.Build.0 = Release|Any CPU
		{3D99F31D-AA16-4A7B-B852-F275B9A346F7}.Debug|Any CPU.ActiveCfg = Debug|Any CPU
		{3D99F31D-AA16-4A7B-B852-F275B9A346F7}.Debug|Any CPU.Build.0 = Debug|Any CPU
		{3D99F31D-AA16-4A7B-B852-F275B9A346F7}.Release|Any CPU.ActiveCfg = Release|Any CPU
		{3D99F31D-AA16-4A7B-B852-F275B9A346F7}.Release|Any CPU.Build.0 = Release|Any CPU
		{F90D882A-5E9E-4A74-82C3-2C36A98F5437}.Debug|Any CPU.ActiveCfg = Debug|Any CPU
		{F90D882A-5E9E-4A74-82C3-2C36A98F5437}.Debug|Any CPU.Build.0 = Debug|Any CPU
		{F90D882A-5E9E-4A74-82C3-2C36A98F5437}.Release|Any CPU.ActiveCfg = Release|Any CPU
		{F90D882A-5E9E-4A74-82C3-2C36A98F5437}.Release|Any CPU.Build.0 = Release|Any CPU
		{58A4712B-6380-47D8-9DD8-12BFBACE4B7B}.Debug|Any CPU.ActiveCfg = Debug|Any CPU
		{58A4712B-6380-47D8-9DD8-12BFBACE4B7B}.Debug|Any CPU.Build.0 = Debug|Any CPU
		{58A4712B-6380-47D8-9DD8-12BFBACE4B7B}.Release|Any CPU.ActiveCfg = Release|Any CPU
		{58A4712B-6380-47D8-9DD8-12BFBACE4B7B}.Release|Any CPU.Build.0 = Release|Any CPU
		{D98FFE0B-E285-4879-8B4B-647AEFC48017}.Debug|Any CPU.ActiveCfg = Debug|Any CPU
		{D98FFE0B-E285-4879-8B4B-647AEFC48017}.Debug|Any CPU.Build.0 = Debug|Any CPU
		{D98FFE0B-E285-4879-8B4B-647AEFC48017}.Release|Any CPU.ActiveCfg = Release|Any CPU
		{D98FFE0B-E285-4879-8B4B-647AEFC48017}.Release|Any CPU.Build.0 = Release|Any CPU
		{EF0543B5-DE67-4B54-A3ED-69E4B83F96C1}.Debug|Any CPU.ActiveCfg = Debug|Any CPU
		{EF0543B5-DE67-4B54-A3ED-69E4B83F96C1}.Debug|Any CPU.Build.0 = Debug|Any CPU
		{EF0543B5-DE67-4B54-A3ED-69E4B83F96C1}.Release|Any CPU.ActiveCfg = Release|Any CPU
		{EF0543B5-DE67-4B54-A3ED-69E4B83F96C1}.Release|Any CPU.Build.0 = Release|Any CPU
		{6400FACC-B541-4E78-BFF1-B73617CCC268}.Debug|Any CPU.ActiveCfg = Debug|Any CPU
		{6400FACC-B541-4E78-BFF1-B73617CCC268}.Debug|Any CPU.Build.0 = Debug|Any CPU
		{6400FACC-B541-4E78-BFF1-B73617CCC268}.Release|Any CPU.ActiveCfg = Release|Any CPU
		{6400FACC-B541-4E78-BFF1-B73617CCC268}.Release|Any CPU.Build.0 = Release|Any CPU
		{FDF0FD5A-95E8-49C3-BBEB-439FFF3ECE0C}.Debug|Any CPU.ActiveCfg = Debug|Any CPU
		{FDF0FD5A-95E8-49C3-BBEB-439FFF3ECE0C}.Debug|Any CPU.Build.0 = Debug|Any CPU
		{FDF0FD5A-95E8-49C3-BBEB-439FFF3ECE0C}.Release|Any CPU.ActiveCfg = Release|Any CPU
		{FDF0FD5A-95E8-49C3-BBEB-439FFF3ECE0C}.Release|Any CPU.Build.0 = Release|Any CPU
		{BB00F0F5-1971-4A84-AC82-98328FD245DB}.Debug|Any CPU.ActiveCfg = Debug|Any CPU
		{BB00F0F5-1971-4A84-AC82-98328FD245DB}.Debug|Any CPU.Build.0 = Debug|Any CPU
		{BB00F0F5-1971-4A84-AC82-98328FD245DB}.Release|Any CPU.ActiveCfg = Release|Any CPU
		{BB00F0F5-1971-4A84-AC82-98328FD245DB}.Release|Any CPU.Build.0 = Release|Any CPU
		{B61D8161-F43C-40F0-82E0-2C40A21F8751}.Debug|Any CPU.ActiveCfg = Debug|Any CPU
		{B61D8161-F43C-40F0-82E0-2C40A21F8751}.Debug|Any CPU.Build.0 = Debug|Any CPU
		{B61D8161-F43C-40F0-82E0-2C40A21F8751}.Release|Any CPU.ActiveCfg = Release|Any CPU
		{B61D8161-F43C-40F0-82E0-2C40A21F8751}.Release|Any CPU.Build.0 = Release|Any CPU
		{4C87250F-D089-4AF8-ABD1-0AC38D924C93}.Debug|Any CPU.ActiveCfg = Debug|Any CPU
		{4C87250F-D089-4AF8-ABD1-0AC38D924C93}.Debug|Any CPU.Build.0 = Debug|Any CPU
		{4C87250F-D089-4AF8-ABD1-0AC38D924C93}.Release|Any CPU.ActiveCfg = Release|Any CPU
		{4C87250F-D089-4AF8-ABD1-0AC38D924C93}.Release|Any CPU.Build.0 = Release|Any CPU
		{509E1A18-4074-492E-9243-6DCC5CC5FD71}.Debug|Any CPU.ActiveCfg = Debug|Any CPU
		{509E1A18-4074-492E-9243-6DCC5CC5FD71}.Debug|Any CPU.Build.0 = Debug|Any CPU
		{509E1A18-4074-492E-9243-6DCC5CC5FD71}.Release|Any CPU.ActiveCfg = Release|Any CPU
		{509E1A18-4074-492E-9243-6DCC5CC5FD71}.Release|Any CPU.Build.0 = Release|Any CPU
		{532F8FED-D565-4B85-A138-5691898C9B8E}.Debug|Any CPU.ActiveCfg = Debug|Any CPU
		{532F8FED-D565-4B85-A138-5691898C9B8E}.Debug|Any CPU.Build.0 = Debug|Any CPU
		{532F8FED-D565-4B85-A138-5691898C9B8E}.Release|Any CPU.ActiveCfg = Release|Any CPU
		{532F8FED-D565-4B85-A138-5691898C9B8E}.Release|Any CPU.Build.0 = Release|Any CPU
		{4C448423-202E-46DB-BA4B-8CB19CD5767E}.Debug|Any CPU.ActiveCfg = Debug|Any CPU
		{4C448423-202E-46DB-BA4B-8CB19CD5767E}.Debug|Any CPU.Build.0 = Debug|Any CPU
		{4C448423-202E-46DB-BA4B-8CB19CD5767E}.Release|Any CPU.ActiveCfg = Release|Any CPU
		{4C448423-202E-46DB-BA4B-8CB19CD5767E}.Release|Any CPU.Build.0 = Release|Any CPU
		{06C4203A-B4C1-4931-9881-6ED2BF373C01}.Debug|Any CPU.ActiveCfg = Debug|Any CPU
		{06C4203A-B4C1-4931-9881-6ED2BF373C01}.Debug|Any CPU.Build.0 = Debug|Any CPU
		{06C4203A-B4C1-4931-9881-6ED2BF373C01}.Release|Any CPU.ActiveCfg = Release|Any CPU
		{06C4203A-B4C1-4931-9881-6ED2BF373C01}.Release|Any CPU.Build.0 = Release|Any CPU
		{BAE6763B-CF2C-4491-9DD7-5780B5F2A74D}.Debug|Any CPU.ActiveCfg = Debug|Any CPU
		{BAE6763B-CF2C-4491-9DD7-5780B5F2A74D}.Debug|Any CPU.Build.0 = Debug|Any CPU
		{BAE6763B-CF2C-4491-9DD7-5780B5F2A74D}.Release|Any CPU.ActiveCfg = Release|Any CPU
		{BAE6763B-CF2C-4491-9DD7-5780B5F2A74D}.Release|Any CPU.Build.0 = Release|Any CPU
		{3A537085-7EDB-4769-B2FD-89EA4662AE79}.Debug|Any CPU.ActiveCfg = Debug|Any CPU
		{3A537085-7EDB-4769-B2FD-89EA4662AE79}.Debug|Any CPU.Build.0 = Debug|Any CPU
		{3A537085-7EDB-4769-B2FD-89EA4662AE79}.Release|Any CPU.ActiveCfg = Release|Any CPU
		{3A537085-7EDB-4769-B2FD-89EA4662AE79}.Release|Any CPU.Build.0 = Release|Any CPU
		{D5B0A2FE-E285-408C-AF5C-B3A0CDFDFAEF}.Debug|Any CPU.ActiveCfg = Debug|Any CPU
		{D5B0A2FE-E285-408C-AF5C-B3A0CDFDFAEF}.Debug|Any CPU.Build.0 = Debug|Any CPU
		{D5B0A2FE-E285-408C-AF5C-B3A0CDFDFAEF}.Release|Any CPU.ActiveCfg = Release|Any CPU
		{D5B0A2FE-E285-408C-AF5C-B3A0CDFDFAEF}.Release|Any CPU.Build.0 = Release|Any CPU
		{93BC21BD-8571-46ED-92B5-DD0C328EB64F}.Debug|Any CPU.ActiveCfg = Debug|Any CPU
		{93BC21BD-8571-46ED-92B5-DD0C328EB64F}.Debug|Any CPU.Build.0 = Debug|Any CPU
		{93BC21BD-8571-46ED-92B5-DD0C328EB64F}.Release|Any CPU.ActiveCfg = Release|Any CPU
		{93BC21BD-8571-46ED-92B5-DD0C328EB64F}.Release|Any CPU.Build.0 = Release|Any CPU
		{E39E323E-2EED-453D-AE20-611E449387F9}.Debug|Any CPU.ActiveCfg = Debug|Any CPU
		{E39E323E-2EED-453D-AE20-611E449387F9}.Debug|Any CPU.Build.0 = Debug|Any CPU
		{E39E323E-2EED-453D-AE20-611E449387F9}.Release|Any CPU.ActiveCfg = Release|Any CPU
		{E39E323E-2EED-453D-AE20-611E449387F9}.Release|Any CPU.Build.0 = Release|Any CPU
	EndGlobalSection
	GlobalSection(SolutionProperties) = preSolution
		HideSolutionNode = FALSE
	EndGlobalSection
	GlobalSection(NestedProjects) = preSolution
		{F0BB4C31-0439-4B39-9437-3EF10ECD3CC3} = {11AC0632-FC07-412D-B51C-64758A9C0928}
		{31340B85-B1DA-458B-9701-9B5FAAD1CA1B} = {11AC0632-FC07-412D-B51C-64758A9C0928}
		{3D99F31D-AA16-4A7B-B852-F275B9A346F7} = {11AC0632-FC07-412D-B51C-64758A9C0928}
		{F90D882A-5E9E-4A74-82C3-2C36A98F5437} = {11AC0632-FC07-412D-B51C-64758A9C0928}
		{58A4712B-6380-47D8-9DD8-12BFBACE4B7B} = {11AC0632-FC07-412D-B51C-64758A9C0928}
		{D98FFE0B-E285-4879-8B4B-647AEFC48017} = {3131EC46-FF03-4B63-BA7D-1E69EE4B8D95}
		{EF0543B5-DE67-4B54-A3ED-69E4B83F96C1} = {E449FFF3-7882-48D9-96D9-6CC5ADCA3688}
		{6400FACC-B541-4E78-BFF1-B73617CCC268} = {E449FFF3-7882-48D9-96D9-6CC5ADCA3688}
		{FDF0FD5A-95E8-49C3-BBEB-439FFF3ECE0C} = {E449FFF3-7882-48D9-96D9-6CC5ADCA3688}
		{BB00F0F5-1971-4A84-AC82-98328FD245DB} = {E449FFF3-7882-48D9-96D9-6CC5ADCA3688}
		{B61D8161-F43C-40F0-82E0-2C40A21F8751} = {E449FFF3-7882-48D9-96D9-6CC5ADCA3688}
		{4C87250F-D089-4AF8-ABD1-0AC38D924C93} = {D6E590C9-0AB8-4A51-AE40-66B6BAF7A77D}
		{509E1A18-4074-492E-9243-6DCC5CC5FD71} = {D6E590C9-0AB8-4A51-AE40-66B6BAF7A77D}
		{532F8FED-D565-4B85-A138-5691898C9B8E} = {D6E590C9-0AB8-4A51-AE40-66B6BAF7A77D}
		{4C448423-202E-46DB-BA4B-8CB19CD5767E} = {D6E590C9-0AB8-4A51-AE40-66B6BAF7A77D}
		{06C4203A-B4C1-4931-9881-6ED2BF373C01} = {D6E590C9-0AB8-4A51-AE40-66B6BAF7A77D}
		{BAE6763B-CF2C-4491-9DD7-5780B5F2A74D} = {4D17B94A-B0BE-40DD-82C8-D4FA27B9ED3E}
		{3A537085-7EDB-4769-B2FD-89EA4662AE79} = {4D17B94A-B0BE-40DD-82C8-D4FA27B9ED3E}
		{D5B0A2FE-E285-408C-AF5C-B3A0CDFDFAEF} = {4D17B94A-B0BE-40DD-82C8-D4FA27B9ED3E}
		{93BC21BD-8571-46ED-92B5-DD0C328EB64F} = {4D17B94A-B0BE-40DD-82C8-D4FA27B9ED3E}
		{E39E323E-2EED-453D-AE20-611E449387F9} = {4D17B94A-B0BE-40DD-82C8-D4FA27B9ED3E}
	EndGlobalSection
	GlobalSection(ExtensibilityGlobals) = postSolution
		SolutionGuid = {1E55174C-78B4-431D-952B-2D227E7C08E0}
	EndGlobalSection
EndGlobal
